
Microsoft Visual Studio Solution File, Format Version 12.00
# Visual Studio Version 16
VisualStudioVersion = 16.0.30330.147
MinimumVisualStudioVersion = 10.0.40219.1
Project("{FAE04EC0-301F-11D3-BF4B-00C04F79EFBC}") = "Jm.Core.DmApi", "Jm.Core.DmApi\Jm.Core.DmApi.csproj", "{656F87F6-EFFD-4AE6-8734-B510B33DFA89}"
EndProject
Project("{FAE04EC0-301F-11D3-BF4B-00C04F79EFBC}") = "Jm.Core.Win32Api", "Jm.Core.Win32Api\Jm.Core.Win32Api.csproj", "{B9C52D7C-88EB-4B87-B448-B23207D05E6A}"
EndProject
Project("{FAE04EC0-301F-11D3-BF4B-00C04F79EFBC}") = "Jm.Core.TestForms", "Jm.Core.TestForms\Jm.Core.TestForms.csproj", "{503FA875-6695-454B-AB62-CC5095064C8C}"
EndProject
Project("{FAE04EC0-301F-11D3-BF4B-00C04F79EFBC}") = "Jm.Core.Mir2", "Jm.Core.Mir2\Jm.Core.Mir2.csproj", "{8A238702-7048-4CD7-BF80-18AA1CE98383}"
EndProject
Global
	GlobalSection(SolutionConfigurationPlatforms) = preSolution
		Debug|Any CPU = Debug|Any CPU
		Release|Any CPU = Release|Any CPU
	EndGlobalSection
	GlobalSection(ProjectConfigurationPlatforms) = postSolution
		{656F87F6-EFFD-4AE6-8734-B510B33DFA89}.Debug|Any CPU.ActiveCfg = Debug|Any CPU
		{656F87F6-EFFD-4AE6-8734-B510B33DFA89}.Debug|Any CPU.Build.0 = Debug|Any CPU
		{656F87F6-EFFD-4AE6-8734-B510B33DFA89}.Release|Any CPU.ActiveCfg = Release|Any CPU
		{656F87F6-EFFD-4AE6-8734-B510B33DFA89}.Release|Any CPU.Build.0 = Release|Any CPU
		{B9C52D7C-88EB-4B87-B448-B23207D05E6A}.Debug|Any CPU.ActiveCfg = Debug|Any CPU
		{B9C52D7C-88EB-4B87-B448-B23207D05E6A}.Debug|Any CPU.Build.0 = Debug|Any CPU
		{B9C52D7C-88EB-4B87-B448-B23207D05E6A}.Release|Any CPU.ActiveCfg = Release|Any CPU
		{B9C52D7C-88EB-4B87-B448-B23207D05E6A}.Release|Any CPU.Build.0 = Release|Any CPU
		{503FA875-6695-454B-AB62-CC5095064C8C}.Debug|Any CPU.ActiveCfg = Debug|Any CPU
		{503FA875-6695-454B-AB62-CC5095064C8C}.Debug|Any CPU.Build.0 = Debug|Any CPU
		{503FA875-6695-454B-AB62-CC5095064C8C}.Release|Any CPU.ActiveCfg = Release|Any CPU
		{503FA875-6695-454B-AB62-CC5095064C8C}.Release|Any CPU.Build.0 = Release|Any CPU
		{8A238702-7048-4CD7-BF80-18AA1CE98383}.Debug|Any CPU.ActiveCfg = Debug|Any CPU
		{8A238702-7048-4CD7-BF80-18AA1CE98383}.Debug|Any CPU.Build.0 = Debug|Any CPU
		{8A238702-7048-4CD7-BF80-18AA1CE98383}.Release|Any CPU.ActiveCfg = Release|Any CPU
		{8A238702-7048-4CD7-BF80-18AA1CE98383}.Release|Any CPU.Build.0 = Release|Any CPU
	EndGlobalSection
	GlobalSection(SolutionProperties) = preSolution
		HideSolutionNode = FALSE
	EndGlobalSection
	GlobalSection(ExtensibilityGlobals) = postSolution
		SolutionGuid = {F99F32E8-C2CB-4725-A39B-ED58032BE231}
	EndGlobalSection
EndGlobal
