
Microsoft Visual Studio Solution File, Format Version 12.00
# Visual Studio Version 16
VisualStudioVersion = 16.0.30330.147
MinimumVisualStudioVersion = 10.0.40219.1
Project("{FAE04EC0-301F-11D3-BF4B-00C04F79EFBC}") = "Jm.Core.DmApi", "Jm.Core.DmApi\Jm.Core.DmApi.csproj", "{656F87F6-EFFD-4AE6-8734-B510B33DFA89}"
EndProject
Project("{FAE04EC0-301F-11D3-BF4B-00C04F79EFBC}") = "Jm.Core.TestForms", "Jm.Core.TestForms\Jm.Core.TestForms.csproj", "{503FA875-6695-454B-AB62-CC5095064C8C}"
EndProject
Project("{FAE04EC0-301F-11D3-BF4B-00C04F79EFBC}") = "Jm.Core.Mir2", "Jm.Core.Mir2\Jm.Core.Mir2.csproj", "{8A238702-7048-4CD7-BF80-18AA1CE98383}"
EndProject
Project("{2150E333-8FDC-42A3-9474-1A3956D46DE8}") = "Tests", "Tests", "{C2505E15-12B5-447F-BB99-7DF0088F0B19}"
EndProject
Project("{FAE04EC0-301F-11D3-BF4B-00C04F79EFBC}") = "Jm.Core.Win32", "Jm.Core.Win32\Jm.Core.Win32.csproj", "{9829994E-2D28-42C5-BF29-B3D43770CC91}"
EndProject
Project("{FAE04EC0-301F-11D3-BF4B-00C04F79EFBC}") = "WindowManager", "WindowManager\WindowManager.csproj", "{A4B762E8-CFA0-41B0-9665-E508D08043FE}"
EndProject
Project("{2150E333-8FDC-42A3-9474-1A3956D46DE8}") = "Jm.Core", "Jm.Core", "{0B4E379D-CAA7-477C-BDE2-C141F0F927C4}"
EndProject
Project("{FAE04EC0-301F-11D3-BF4B-00C04F79EFBC}") = "Jm.Core.MIr2Test", "Jm.Core.MIr2Test\Jm.Core.MIr2Test.csproj", "{B749F791-BE16-41A8-B2FF-491DE7E17233}"
EndProject
Global
	GlobalSection(SolutionConfigurationPlatforms) = preSolution
		Debug|Any CPU = Debug|Any CPU
		Debug|x86 = Debug|x86
		Release|Any CPU = Release|Any CPU
		Release|x86 = Release|x86
	EndGlobalSection
	GlobalSection(ProjectConfigurationPlatforms) = postSolution
		{656F87F6-EFFD-4AE6-8734-B510B33DFA89}.Debug|Any CPU.ActiveCfg = Debug|Any CPU
		{656F87F6-EFFD-4AE6-8734-B510B33DFA89}.Debug|Any CPU.Build.0 = Debug|Any CPU
		{656F87F6-EFFD-4AE6-8734-B510B33DFA89}.Debug|x86.ActiveCfg = Debug|Any CPU
		{656F87F6-EFFD-4AE6-8734-B510B33DFA89}.Debug|x86.Build.0 = Debug|Any CPU
		{656F87F6-EFFD-4AE6-8734-B510B33DFA89}.Release|Any CPU.ActiveCfg = Release|Any CPU
		{656F87F6-EFFD-4AE6-8734-B510B33DFA89}.Release|Any CPU.Build.0 = Release|Any CPU
		{656F87F6-EFFD-4AE6-8734-B510B33DFA89}.Release|x86.ActiveCfg = Release|Any CPU
		{656F87F6-EFFD-4AE6-8734-B510B33DFA89}.Release|x86.Build.0 = Release|Any CPU
		{503FA875-6695-454B-AB62-CC5095064C8C}.Debug|Any CPU.ActiveCfg = Debug|Any CPU
		{503FA875-6695-454B-AB62-CC5095064C8C}.Debug|Any CPU.Build.0 = Debug|Any CPU
		{503FA875-6695-454B-AB62-CC5095064C8C}.Debug|x86.ActiveCfg = Debug|Any CPU
		{503FA875-6695-454B-AB62-CC5095064C8C}.Debug|x86.Build.0 = Debug|Any CPU
		{503FA875-6695-454B-AB62-CC5095064C8C}.Release|Any CPU.ActiveCfg = Release|Any CPU
		{503FA875-6695-454B-AB62-CC5095064C8C}.Release|Any CPU.Build.0 = Release|Any CPU
		{503FA875-6695-454B-AB62-CC5095064C8C}.Release|x86.ActiveCfg = Release|Any CPU
		{503FA875-6695-454B-AB62-CC5095064C8C}.Release|x86.Build.0 = Release|Any CPU
		{8A238702-7048-4CD7-BF80-18AA1CE98383}.Debug|Any CPU.ActiveCfg = Debug|Any CPU
		{8A238702-7048-4CD7-BF80-18AA1CE98383}.Debug|Any CPU.Build.0 = Debug|Any CPU
		{8A238702-7048-4CD7-BF80-18AA1CE98383}.Debug|x86.ActiveCfg = Debug|Any CPU
		{8A238702-7048-4CD7-BF80-18AA1CE98383}.Debug|x86.Build.0 = Debug|Any CPU
		{8A238702-7048-4CD7-BF80-18AA1CE98383}.Release|Any CPU.ActiveCfg = Release|Any CPU
		{8A238702-7048-4CD7-BF80-18AA1CE98383}.Release|Any CPU.Build.0 = Release|Any CPU
		{8A238702-7048-4CD7-BF80-18AA1CE98383}.Release|x86.ActiveCfg = Release|Any CPU
		{8A238702-7048-4CD7-BF80-18AA1CE98383}.Release|x86.Build.0 = Release|Any CPU
		{9829994E-2D28-42C5-BF29-B3D43770CC91}.Debug|Any CPU.ActiveCfg = Debug|Any CPU
		{9829994E-2D28-42C5-BF29-B3D43770CC91}.Debug|Any CPU.Build.0 = Debug|Any CPU
		{9829994E-2D28-42C5-BF29-B3D43770CC91}.Debug|x86.ActiveCfg = Debug|Any CPU
		{9829994E-2D28-42C5-BF29-B3D43770CC91}.Debug|x86.Build.0 = Debug|Any CPU
		{9829994E-2D28-42C5-BF29-B3D43770CC91}.Release|Any CPU.ActiveCfg = Release|Any CPU
		{9829994E-2D28-42C5-BF29-B3D43770CC91}.Release|Any CPU.Build.0 = Release|Any CPU
		{9829994E-2D28-42C5-BF29-B3D43770CC91}.Release|x86.ActiveCfg = Release|Any CPU
		{9829994E-2D28-42C5-BF29-B3D43770CC91}.Release|x86.Build.0 = Release|Any CPU
		{A4B762E8-CFA0-41B0-9665-E508D08043FE}.Debug|Any CPU.ActiveCfg = Debug|x86
		{A4B762E8-CFA0-41B0-9665-E508D08043FE}.Debug|x86.ActiveCfg = Debug|x86
		{A4B762E8-CFA0-41B0-9665-E508D08043FE}.Debug|x86.Build.0 = Debug|x86
		{A4B762E8-CFA0-41B0-9665-E508D08043FE}.Release|Any CPU.ActiveCfg = Release|x86
		{A4B762E8-CFA0-41B0-9665-E508D08043FE}.Release|x86.ActiveCfg = Release|x86
		{A4B762E8-CFA0-41B0-9665-E508D08043FE}.Release|x86.Build.0 = Release|x86
		{B749F791-BE16-41A8-B2FF-491DE7E17233}.Debug|Any CPU.ActiveCfg = Debug|Any CPU
		{B749F791-BE16-41A8-B2FF-491DE7E17233}.Debug|Any CPU.Build.0 = Debug|Any CPU
		{B749F791-BE16-41A8-B2FF-491DE7E17233}.Debug|x86.ActiveCfg = Debug|Any CPU
		{B749F791-BE16-41A8-B2FF-491DE7E17233}.Debug|x86.Build.0 = Debug|Any CPU
		{B749F791-BE16-41A8-B2FF-491DE7E17233}.Release|Any CPU.ActiveCfg = Release|Any CPU
		{B749F791-BE16-41A8-B2FF-491DE7E17233}.Release|Any CPU.Build.0 = Release|Any CPU
		{B749F791-BE16-41A8-B2FF-491DE7E17233}.Release|x86.ActiveCfg = Release|Any CPU
		{B749F791-BE16-41A8-B2FF-491DE7E17233}.Release|x86.Build.0 = Release|Any CPU
	EndGlobalSection
	GlobalSection(SolutionProperties) = preSolution
		HideSolutionNode = FALSE
	EndGlobalSection
	GlobalSection(NestedProjects) = preSolution
		{656F87F6-EFFD-4AE6-8734-B510B33DFA89} = {0B4E379D-CAA7-477C-BDE2-C141F0F927C4}
		{503FA875-6695-454B-AB62-CC5095064C8C} = {C2505E15-12B5-447F-BB99-7DF0088F0B19}
		{8A238702-7048-4CD7-BF80-18AA1CE98383} = {0B4E379D-CAA7-477C-BDE2-C141F0F927C4}
		{9829994E-2D28-42C5-BF29-B3D43770CC91} = {0B4E379D-CAA7-477C-BDE2-C141F0F927C4}
		{A4B762E8-CFA0-41B0-9665-E508D08043FE} = {C2505E15-12B5-447F-BB99-7DF0088F0B19}
		{B749F791-BE16-41A8-B2FF-491DE7E17233} = {C2505E15-12B5-447F-BB99-7DF0088F0B19}
	EndGlobalSection
	GlobalSection(ExtensibilityGlobals) = postSolution
		SolutionGuid = {F99F32E8-C2CB-4725-A39B-ED58032BE231}
	EndGlobalSection
EndGlobal
